{
  "name": "code-sharing",
  "lockfileVersion": 2,
  "requires": true,
  "packages": {
    "": {
      "name": "code-sharing",
      "workspaces": [
        "packages/common",
        "packages/webclient"
      ]
    },
    "node_modules/common": {
      "resolved": "packages/common",
      "link": true
    },
    "node_modules/typescript": {
      "version": "4.7.4",
      "resolved": "https://registry.npmjs.org/typescript/-/typescript-4.7.4.tgz",
      "integrity": "sha512-C0WQT0gezHuw6AdY1M2jxUO83Rjf0HP7Sk1DtXj6j1EwkQNZrHAg2XPWlq62oqEhYvONq5pkC2Y9oPljWToLmQ==",
      "dev": true,
      "bin": {
        "tsc": "bin/tsc",
        "tsserver": "bin/tsserver"
      },
      "engines": {
        "node": ">=4.2.0"
      }
    },
    "node_modules/webclient": {
      "resolved": "packages/webclient",
      "link": true
    },
    "packages/common": {
      "version": "0.0.1",
      "license": "Apache-2.0",
      "devDependencies": {
        "typescript": "^4.7.4"
      }
    },
    "packages/webclient": {
      "version": "0.0.1",
      "license": "Apache-2.0",
      "devDependencies": {
        "typescript": "^4.7.4"
      }
    }
  },
  "dependencies": {
    "common": {
      "version": "file:packages/common",
      "requires": {
        "typescript": "^4.7.4"
      }
    },
    "typescript": {
      "version": "4.7.4",
      "resolved": "https://registry.npmjs.org/typescript/-/typescript-4.7.4.tgz",
      "integrity": "sha512-C0WQT0gezHuw6AdY1M2jxUO83Rjf0HP7Sk1DtXj6j1EwkQNZrHAg2XPWlq62oqEhYvONq5pkC2Y9oPljWToLmQ==",
      "dev": true
    },
    "webclient": {
      "version": "file:packages/webclient",
      "requires": {
        "typescript": "^4.7.4"
      }
    }
  }
}
